
Microsoft Visual Studio Solution File, Format Version 12.00
# Visual Studio Version 17
VisualStudioVersion = 17.11.35327.3
MinimumVisualStudioVersion = 10.0.40219.1
Project("{FAE04EC0-301F-11D3-BF4B-00C04F79EFBC}") = "DeskAssist", "DeskAssist.csproj", "{F1B16A79-AB9C-4698-828B-D6D7DC6007AC}"
EndProject
Global
	GlobalSection(SolutionConfigurationPlatforms) = preSolution
		Debug|Any CPU = Debug|Any CPU
		Release|Any CPU = Release|Any CPU
	EndGlobalSection
	GlobalSection(ProjectConfigurationPlatforms) = postSolution
		{F1B16A79-AB9C-4698-828B-D6D7DC6007AC}.Debug|Any CPU.ActiveCfg = Debug|Any CPU
		{F1B16A79-AB9C-4698-828B-D6D7DC6007AC}.Debug|Any CPU.Build.0 = Debug|Any CPU
		{F1B16A79-AB9C-4698-828B-D6D7DC6007AC}.Release|Any CPU.ActiveCfg = Release|Any CPU
		{F1B16A79-AB9C-4698-828B-D6D7DC6007AC}.Release|Any CPU.Build.0 = Release|Any CPU
	EndGlobalSection
	GlobalSection(SolutionProperties) = preSolution
		HideSolutionNode = FALSE
	EndGlobalSection
	GlobalSection(ExtensibilityGlobals) = postSolution
		SolutionGuid = {FD5D74B7-17B5-48FD-B3BD-9D38BB89DF6F}
	EndGlobalSection
EndGlobal
